lockfileVersion: '9.0'

settings:
  autoInstallPeers: true
  excludeLinksFromLockfile: false

importers:

  .:
    dependencies:
      query-string:
        specifier: ^9.3.1
        version: 9.3.1
    devDependencies:
      '@types/node':
        specifier: ^25.3.5
        version: 25.3.5
      turbo:
        specifier: ^2.4.0
        version: 2.8.14
      typescript:
        specifier: ^5.7.0
        version: 5.9.3

  packages/api:
    dependencies:
      '@nhcs/config':
        specifier: workspace:*
        version: link:../config
      '@nhcs/registries':
        specifier: workspace:*
        version: link:../registries
      '@nhcs/types':
        specifier: workspace:*
        version: link:../types
      '@trpc/server':
        specifier: ^11.0.0
        version: 11.12.0(typescript@5.9.3)
      superjson:
        specifier: ^2.2.0
        version: 2.2.6
      zod:
        specifier: ^3.24.0
        version: 3.25.76
    devDependencies:
      typescript:
        specifier: ^5.7.0
        version: 5.9.3

  packages/config: {}

  packages/features:
    dependencies:
      '@nhcs/config':
        specifier: workspace:*
        version: link:../config
    devDependencies:
      typescript:
        specifier: ^5.7.0
        version: 5.9.3

  packages/registries:
    dependencies:
      '@nhcs/config':
        specifier: workspace:*
        version: link:../config
    devDependencies:
      typescript:
        specifier: ^5.7.0
        version: 5.9.3

  packages/types:
    dependencies:
      '@nhcs/config':
        specifier: workspace:*
        version: link:../config
      zod:
        specifier: ^3.24.0
        version: 3.25.76
    devDependencies:
      typescript:
        specifier: ^5.7.0
        version: 5.9.3

packages:

  '@trpc/server@11.12.0':
    resolution: {integrity: sha512-rpZnf5FUjNndE/AjGIy+FvEHR52iBd0u0wySqWCwXj67wraj3qCuBr5Opcf0Te/g67C/YztqceFkLoG0r4mp4Q==}
    peerDependencies:
      typescript: '>=5.7.2'

  '@types/node@25.3.5':
    resolution: {integrity: sha512-oX8xrhvpiyRCQkG1MFchB09f+cXftgIXb3a7UUa4Y3wpmZPw5tyZGTLWhlESOLq1Rq6oDlc8npVU2/9xiCuXMA==}

  copy-anything@4.0.5:
    resolution: {integrity: sha512-7Vv6asjS4gMOuILabD3l739tsaxFQmC+a7pLZm02zyvs8p977bL3zEgq3yDk5rn9B0PbYgIv++jmHcuUab4RhA==}
    engines: {node: '>=18'}

  decode-uri-component@0.4.1:
    resolution: {integrity: sha512-+8VxcR21HhTy8nOt6jf20w0c9CADrw1O8d+VZ/YzzCt4bJ3uBjw+D1q2osAB8RnpwwaeYBxy0HyKQxD5JBMuuQ==}
    engines: {node: '>=14.16'}

  filter-obj@5.1.0:
    resolution: {integrity: sha512-qWeTREPoT7I0bifpPUXtxkZJ1XJzxWtfoWWkdVGqa+eCr3SHW/Ocp89o8vLvbUuQnadybJpjOKu4V+RwO6sGng==}
    engines: {node: '>=14.16'}

  is-what@5.5.0:
    resolution: {integrity: sha512-oG7cgbmg5kLYae2N5IVd3jm2s+vldjxJzK1pcu9LfpGuQ93MQSzo0okvRna+7y5ifrD+20FE8FvjusyGaz14fw==}
    engines: {node: '>=18'}

  query-string@9.3.1:
    resolution: {integrity: sha512-5fBfMOcDi5SA9qj5jZhWAcTtDfKF5WFdd2uD9nVNlbxVv1baq65aALy6qofpNEGELHvisjjasxQp7BlM9gvMzw==}
    engines: {node: '>=18'}

  split-on-first@3.0.0:
    resolution: {integrity: sha512-qxQJTx2ryR0Dw0ITYyekNQWpz6f8dGd7vffGNflQQ3Iqj9NJ6qiZ7ELpZsJ/QBhIVAiDfXdag3+Gp8RvWa62AA==}
    engines: {node: '>=12'}

  superjson@2.2.6:
    resolution: {integrity: sha512-H+ue8Zo4vJmV2nRjpx86P35lzwDT3nItnIsocgumgr0hHMQ+ZGq5vrERg9kJBo5AWGmxZDhzDo+WVIJqkB0cGA==}
    engines: {node: '>=16'}

  turbo-darwin-64@2.8.14:
    resolution: {integrity: sha512-9sFi7n2lLfEsGWi5OEoA/eTtQU2BPKtzSYKqufMtDeRmqMT9vKjbv9gJCRkllSVE9BOXA0qXC3diyX8V8rKIKw==}
    cpu: [x64]
    os: [darwin]

  turbo-darwin-arm64@2.8.14:
    resolution: {integrity: sha512-aS4yJuy6A1PCLws+PJpZP0qCURG8Y5iVx13z/WAbKyeDTY6W6PiGgcEllSaeLGxyn++382ztN/EZH85n2zZ6VQ==}
    cpu: [arm64]
    os: [darwin]

  turbo-linux-64@2.8.14:
    resolution: {integrity: sha512-XC6wPUDJkakjhNLaS0NrHDMiujRVjH+naEAwvKLArgqRaFkNxjmyNDRM4eu3soMMFmjym6NTxYaF74rvET+Orw==}
    cpu: [x64]
    os: [linux]

  turbo-linux-arm64@2.8.14:
    resolution: {integrity: sha512-ChfE7isyVNjZrVSPDwcfqcHLG/FuIBbOFxnt1FM8vSuBGzHAs8AlTdwFNIxlEMJfZ8Ad9mdMxdmsCUPIWiQ6cg==}
    cpu: [arm64]
    os: [linux]

  turbo-windows-64@2.8.14:
    resolution: {integrity: sha512-FTbIeQL1ycLFW2t9uQNMy+bRSzi3Xhwun/e7ZhFBdM+U0VZxxrtfYEBM9CHOejlfqomk6Jh7aRz0sJoqYn39Hg==}
    cpu: [x64]
    os: [win32]

  turbo-windows-arm64@2.8.14:
    resolution: {integrity: sha512-KgZX12cTyhY030qS7ieT8zRkhZZE2VWJasDFVUSVVn17nR7IShpv68/7j5UqJNeRLIGF1XPK0phsP5V5yw3how==}
    cpu: [arm64]
    os: [win32]

  turbo@2.8.14:
    resolution: {integrity: sha512-UCTxeMNYT1cKaHiIFdLCQ7ulI+jw5i5uOnJOrRXsgUD7G3+OjlUjwVd7JfeVt2McWSVGjYA3EVW/v1FSsJ5DtA==}
    hasBin: true

  typescript@5.9.3:
    resolution: {integrity: sha512-jl1vZzPDinLr9eUt3J/t7V6FgNEw9QjvBPdysz9KfQDD41fQrC2Y4vKQdiaUpFT4bXlb1RHhLpp8wtm6M5TgSw==}
    engines: {node: '>=14.17'}
    hasBin: true

  undici-types@7.18.2:
    resolution: {integrity: sha512-AsuCzffGHJybSaRrmr5eHr81mwJU3kjw6M+uprWvCXiNeN9SOGwQ3Jn8jb8m3Z6izVgknn1R0FTCEAP2QrLY/w==}

  zod@3.25.76:
    resolution: {integrity: sha512-gzUt/qt81nXsFGKIFcC3YnfEAx5NkunCfnDlvuBSSFS02bcXu4Lmea0AFIUwbLWxWPx3d9p8S5QoaujKcNQxcQ==}

snapshots:

  '@trpc/server@11.12.0(typescript@5.9.3)':
    dependencies:
      typescript: 5.9.3

  '@types/node@25.3.5':
    dependencies:
      undici-types: 7.18.2

  copy-anything@4.0.5:
    dependencies:
      is-what: 5.5.0

  decode-uri-component@0.4.1: {}

  filter-obj@5.1.0: {}

  is-what@5.5.0: {}

  query-string@9.3.1:
    dependencies:
      decode-uri-component: 0.4.1
      filter-obj: 5.1.0
      split-on-first: 3.0.0

  split-on-first@3.0.0: {}

  superjson@2.2.6:
    dependencies:
      copy-anything: 4.0.5

  turbo-darwin-64@2.8.14:
    optional: true

  turbo-darwin-arm64@2.8.14:
    optional: true

  turbo-linux-64@2.8.14:
    optional: true

  turbo-linux-arm64@2.8.14:
    optional: true

  turbo-windows-64@2.8.14:
    optional: true

  turbo-windows-arm64@2.8.14:
    optional: true

  turbo@2.8.14:
    optionalDependencies:
      turbo-darwin-64: 2.8.14
      turbo-darwin-arm64: 2.8.14
      turbo-linux-64: 2.8.14
      turbo-linux-arm64: 2.8.14
      turbo-windows-64: 2.8.14
      turbo-windows-arm64: 2.8.14

  typescript@5.9.3: {}

  undici-types@7.18.2: {}

  zod@3.25.76: {}
